// !$*UTF8*$!
{
	archiveVersion = 1;
	classes = {
	};
	objectVersion = 50;
	objects = {

/* Begin PBXBuildFile section */
		4CA3B6BF2372981000569B57 /* AppDelegate.swift in Sources */ = {isa = PBXBuildFile; fileRef = 4CA3B6BE2372981000569B57 /* AppDelegate.swift */; };
		4CA3B6C12372981000569B57 /* MovieViewController.swift in Sources */ = {isa = PBXBuildFile; fileRef = 4CA3B6C02372981000569B57 /* MovieViewController.swift */; };
		4CA3B6C42372981000569B57 /* Main.storyboard in Resources */ = {isa = PBXBuildFile; fileRef = 4CA3B6C22372981000569B57 /* Main.storyboard */; };
		4CA3B6C62372982200569B57 /* Assets.xcassets in Resources */ = {isa = PBXBuildFile; fileRef = 4CA3B6C52372982200569B57 /* Assets.xcassets */; };
		4CA3B6C92372982200569B57 /* LaunchScreen.storyboard in Resources */ = {isa = PBXBuildFile; fileRef = 4CA3B6C72372982200569B57 /* LaunchScreen.storyboard */; };
		4CA3B6D12372992500569B57 /* MovieViewController+UITableView.swift in Sources */ = {isa = PBXBuildFile; fileRef = 4CA3B6D02372992500569B57 /* MovieViewController+UITableView.swift */; };
		4CA3B6DA23729A6E00569B57 /* MovieBaseModel.swift in Sources */ = {isa = PBXBuildFile; fileRef = 4CA3B6D823729A6E00569B57 /* MovieBaseModel.swift */; };
		4CA3B6DB23729A6E00569B57 /* Translations.swift in Sources */ = {isa = PBXBuildFile; fileRef = 4CA3B6D923729A6E00569B57 /* Translations.swift */; };
		4CA3B6DD23729C9800569B57 /* MovieViewController+UI.swift in Sources */ = {isa = PBXBuildFile; fileRef = 4CA3B6DC23729C9800569B57 /* MovieViewController+UI.swift */; };
		4CE85D5523C87D9700B54EA7 /* MovieCell.swift in Sources */ = {isa = PBXBuildFile; fileRef = 4CE85D5323C87D9700B54EA7 /* MovieCell.swift */; };
		4CE85D5623C87D9700B54EA7 /* MovieCell.xib in Resources */ = {isa = PBXBuildFile; fileRef = 4CE85D5423C87D9700B54EA7 /* MovieCell.xib */; };
		4CE85D5823C8810500B54EA7 /* MovieViewModel.swift in Sources */ = {isa = PBXBuildFile; fileRef = 4CE85D5723C8810500B54EA7 /* MovieViewModel.swift */; };
		4CE85D5B23C882A700B54EA7 /* APIClient.swift in Sources */ = {isa = PBXBuildFile; fileRef = 4CE85D5A23C882A700B54EA7 /* APIClient.swift */; };
		4CE85D5D23C883A700B54EA7 /* MovieProxy.swift in Sources */ = {isa = PBXBuildFile; fileRef = 4CE85D5C23C883A700B54EA7 /* MovieProxy.swift */; };
		4CE85D6023C8875F00B54EA7 /* ImageCache.swift in Sources */ = {isa = PBXBuildFile; fileRef = 4CE85D5F23C8875F00B54EA7 /* ImageCache.swift */; };
		4CE85D6423C88D5A00B54EA7 /* MovieDetailViewController.swift in Sources */ = {isa = PBXBuildFile; fileRef = 4CE85D6223C88D5A00B54EA7 /* MovieDetailViewController.swift */; };
		4CE85D6D23C8B8FB00B54EA7 /* CodableDemoTests.swift in Sources */ = {isa = PBXBuildFile; fileRef = 4CE85D6C23C8B8FB00B54EA7 /* CodableDemoTests.swift */; };
		4CE85D7523C8B92600B54EA7 /* APITests.swift in Sources */ = {isa = PBXBuildFile; fileRef = 4CE85D7423C8B92600B54EA7 /* APITests.swift */; };
/* End PBXBuildFile section */

/* Begin PBXContainerItemProxy section */
		4CE85D6F23C8B8FB00B54EA7 /* PBXContainerItemProxy */ = {
			isa = PBXContainerItemProxy;
			containerPortal = 4CA3B6B32372981000569B57 /* Project object */;
			proxyType = 1;
			remoteGlobalIDString = 4CA3B6BA2372981000569B57;
			remoteInfo = CodableDemo;
		};
/* End PBXContainerItemProxy section */

/* Begin PBXFileReference section */
		4CA3B6BB2372981000569B57 /* CodableDemo.app */ = {isa = PBXFileReference; explicitFileType = wrapper.application; includeInIndex = 0; path = CodableDemo.app; sourceTree = BUILT_PRODUCTS_DIR; };
		4CA3B6BE2372981000569B57 /* AppDelegate.swift */ = {isa = PBXFileReference; lastKnownFileType = sourcecode.swift; path = AppDelegate.swift; sourceTree = "<group>"; };
		4CA3B6C02372981000569B57 /* MovieViewController.swift */ = {isa = PBXFileReference; lastKnownFileType = sourcecode.swift; path = MovieViewController.swift; sourceTree = "<group>"; };
		4CA3B6C32372981000569B57 /* Base */ = {isa = PBXFileReference; lastKnownFileType = file.storyboard; name = Base; path = Base.lproj/Main.storyboard; sourceTree = "<group>"; };
		4CA3B6C52372982200569B57 /* Assets.xcassets */ = {isa = PBXFileReference; lastKnownFileType = folder.assetcatalog; path = Assets.xcassets; sourceTree = "<group>"; };
		4CA3B6C82372982200569B57 /* Base */ = {isa = PBXFileReference; lastKnownFileType = file.storyboard; name = Base; path = Base.lproj/LaunchScreen.storyboard; sourceTree = "<group>"; };
		4CA3B6CA2372982200569B57 /* Info.plist */ = {isa = PBXFileReference; lastKnownFileType = text.plist.xml; path = Info.plist; sourceTree = "<group>"; };
		4CA3B6D02372992500569B57 /* MovieViewController+UITableView.swift */ = {isa = PBXFileReference; lastKnownFileType = sourcecode.swift; path = "MovieViewController+UITableView.swift"; sourceTree = "<group>"; };
		4CA3B6D823729A6E00569B57 /* MovieBaseModel.swift */ = {isa = PBXFileReference; fileEncoding = 4; lastKnownFileType = sourcecode.swift; path = MovieBaseModel.swift; sourceTree = "<group>"; };
		4CA3B6D923729A6E00569B57 /* Translations.swift */ = {isa = PBXFileReference; fileEncoding = 4; lastKnownFileType = sourcecode.swift; path = Translations.swift; sourceTree = "<group>"; };
		4CA3B6DC23729C9800569B57 /* MovieViewController+UI.swift */ = {isa = PBXFileReference; lastKnownFileType = sourcecode.swift; path = "MovieViewController+UI.swift"; sourceTree = "<group>"; };
		4CE85D5323C87D9700B54EA7 /* MovieCell.swift */ = {isa = PBXFileReference; lastKnownFileType = sourcecode.swift; path = MovieCell.swift; sourceTree = "<group>"; };
		4CE85D5423C87D9700B54EA7 /* MovieCell.xib */ = {isa = PBXFileReference; lastKnownFileType = file.xib; path = MovieCell.xib; sourceTree = "<group>"; };
		4CE85D5723C8810500B54EA7 /* MovieViewModel.swift */ = {isa = PBXFileReference; lastKnownFileType = sourcecode.swift; path = MovieViewModel.swift; sourceTree = "<group>"; };
		4CE85D5A23C882A700B54EA7 /* APIClient.swift */ = {isa = PBXFileReference; lastKnownFileType = sourcecode.swift; path = APIClient.swift; sourceTree = "<group>"; };
		4CE85D5C23C883A700B54EA7 /* MovieProxy.swift */ = {isa = PBXFileReference; lastKnownFileType = sourcecode.swift; path = MovieProxy.swift; sourceTree = "<group>"; };
		4CE85D5F23C8875F00B54EA7 /* ImageCache.swift */ = {isa = PBXFileReference; lastKnownFileType = sourcecode.swift; path = ImageCache.swift; sourceTree = "<group>"; };
		4CE85D6223C88D5A00B54EA7 /* MovieDetailViewController.swift */ = {isa = PBXFileReference; lastKnownFileType = sourcecode.swift; path = MovieDetailViewController.swift; sourceTree = "<group>"; };
		4CE85D6A23C8B8FA00B54EA7 /* CodableDemoTests.xctest */ = {isa = PBXFileReference; explicitFileType = wrapper.cfbundle; includeInIndex = 0; path = CodableDemoTests.xctest; sourceTree = BUILT_PRODUCTS_DIR; };
		4CE85D6C23C8B8FB00B54EA7 /* CodableDemoTests.swift */ = {isa = PBXFileReference; lastKnownFileType = sourcecode.swift; path = CodableDemoTests.swift; sourceTree = "<group>"; };
		4CE85D6E23C8B8FB00B54EA7 /* Info.plist */ = {isa = PBXFileReference; lastKnownFileType = text.plist.xml; path = Info.plist; sourceTree = "<group>"; };
		4CE85D7423C8B92600B54EA7 /* APITests.swift */ = {isa = PBXFileReference; lastKnownFileType = sourcecode.swift; path = APITests.swift; sourceTree = "<group>"; };
/* End PBXFileReference section */

/* Begin PBXFrameworksBuildPhase section */
		4CA3B6B82372981000569B57 /* Frameworks */ = {
			isa = PBXFrameworksBuildPhase;
			buildActionMask = 2147483647;
			files = (
			);
			runOnlyForDeploymentPostprocessing = 0;
		};
		4CE85D6723C8B8FA00B54EA7 /* Frameworks */ = {
			isa = PBXFrameworksBuildPhase;
			buildActionMask = 2147483647;
			files = (
			);
			runOnlyForDeploymentPostprocessing = 0;
		};
/* End PBXFrameworksBuildPhase section */

/* Begin PBXGroup section */
		4CA3B6B22372981000569B57 = {
			isa = PBXGroup;
			children = (
				4CA3B6BD2372981000569B57 /* CodableDemo */,
				4CE85D6B23C8B8FA00B54EA7 /* CodableDemoTests */,
				4CA3B6BC2372981000569B57 /* Products */,
			);
			sourceTree = "<group>";
		};
		4CA3B6BC2372981000569B57 /* Products */ = {
			isa = PBXGroup;
			children = (
				4CA3B6BB2372981000569B57 /* CodableDemo.app */,
				4CE85D6A23C8B8FA00B54EA7 /* CodableDemoTests.xctest */,
			);
			name = Products;
			sourceTree = "<group>";
		};
		4CA3B6BD2372981000569B57 /* CodableDemo */ = {
			isa = PBXGroup;
			children = (
				4CE85D6123C88D3200B54EA7 /* Viewcontroller */,
				4CE85D5E23C8874500B54EA7 /* SKSupport */,
				4CE85D5923C8828F00B54EA7 /* Netwroking */,
				4CA3B6D32372997200569B57 /* Cell */,
				4CA3B6D22372995900569B57 /* Model */,
				4CA3B6BE2372981000569B57 /* AppDelegate.swift */,
				4CA3B6C22372981000569B57 /* Main.storyboard */,
				4CA3B6C52372982200569B57 /* Assets.xcassets */,
				4CA3B6C72372982200569B57 /* LaunchScreen.storyboard */,
				4CA3B6CA2372982200569B57 /* Info.plist */,
			);
			path = CodableDemo;
			sourceTree = "<group>";
		};
		4CA3B6D22372995900569B57 /* Model */ = {
			isa = PBXGroup;
			children = (
				4CA3B6D823729A6E00569B57 /* MovieBaseModel.swift */,
				4CA3B6D923729A6E00569B57 /* Translations.swift */,
			);
			path = Model;
			sourceTree = "<group>";
		};
		4CA3B6D32372997200569B57 /* Cell */ = {
			isa = PBXGroup;
			children = (
				4CE85D5323C87D9700B54EA7 /* MovieCell.swift */,
				4CE85D5423C87D9700B54EA7 /* MovieCell.xib */,
			);
			path = Cell;
			sourceTree = "<group>";
		};
		4CE85D5923C8828F00B54EA7 /* Netwroking */ = {
			isa = PBXGroup;
			children = (
				4CE85D5A23C882A700B54EA7 /* APIClient.swift */,
				4CE85D5C23C883A700B54EA7 /* MovieProxy.swift */,
			);
			path = Netwroking;
			sourceTree = "<group>";
		};
		4CE85D5E23C8874500B54EA7 /* SKSupport */ = {
			isa = PBXGroup;
			children = (
				4CE85D5F23C8875F00B54EA7 /* ImageCache.swift */,
			);
			path = SKSupport;
			sourceTree = "<group>";
		};
		4CE85D6123C88D3200B54EA7 /* Viewcontroller */ = {
			isa = PBXGroup;
			children = (
				4CA3B6C02372981000569B57 /* MovieViewController.swift */,
				4CE85D5723C8810500B54EA7 /* MovieViewModel.swift */,
				4CA3B6DC23729C9800569B57 /* MovieViewController+UI.swift */,
				4CA3B6D02372992500569B57 /* MovieViewController+UITableView.swift */,
				4CE85D6223C88D5A00B54EA7 /* MovieDetailViewController.swift */,
			);
			path = Viewcontroller;
			sourceTree = "<group>";
		};
		4CE85D6B23C8B8FA00B54EA7 /* CodableDemoTests */ = {
			isa = PBXGroup;
			children = (
				4CE85D6C23C8B8FB00B54EA7 /* CodableDemoTests.swift */,
				4CE85D7423C8B92600B54EA7 /* APITests.swift */,
				4CE85D6E23C8B8FB00B54EA7 /* Info.plist */,
			);
			path = CodableDemoTests;
			sourceTree = "<group>";
		};
/* End PBXGroup section */

/* Begin PBXNativeTarget section */
		4CA3B6BA2372981000569B57 /* CodableDemo */ = {
			isa = PBXNativeTarget;
			buildConfigurationList = 4CA3B6CD2372982200569B57 /* Build configuration list for PBXNativeTarget "CodableDemo" */;
			buildPhases = (
				4CA3B6B72372981000569B57 /* Sources */,
				4CA3B6B82372981000569B57 /* Frameworks */,
				4CA3B6B92372981000569B57 /* Resources */,
			);
			buildRules = (
			);
			dependencies = (
			);
			name = CodableDemo;
			productName = CodableDemo;
			productReference = 4CA3B6BB2372981000569B57 /* CodableDemo.app */;
			productType = "com.apple.product-type.application";
		};
		4CE85D6923C8B8FA00B54EA7 /* CodableDemoTests */ = {
			isa = PBXNativeTarget;
			buildConfigurationList = 4CE85D7123C8B8FB00B54EA7 /* Build configuration list for PBXNativeTarget "CodableDemoTests" */;
			buildPhases = (
				4CE85D6623C8B8FA00B54EA7 /* Sources */,
				4CE85D6723C8B8FA00B54EA7 /* Frameworks */,
				4CE85D6823C8B8FA00B54EA7 /* Resources */,
			);
			buildRules = (
			);
			dependencies = (
				4CE85D7023C8B8FB00B54EA7 /* PBXTargetDependency */,
			);
			name = CodableDemoTests;
			productName = CodableDemoTests;
			productReference = 4CE85D6A23C8B8FA00B54EA7 /* CodableDemoTests.xctest */;
			productType = "com.apple.product-type.bundle.unit-test";
		};
/* End PBXNativeTarget section */

/* Begin PBXProject section */
		4CA3B6B32372981000569B57 /* Project object */ = {
			isa = PBXProject;
			attributes = {
				LastSwiftUpdateCheck = 1010;
				LastUpgradeCheck = 1010;
				ORGANIZATIONNAME = "Shantaram K";
				TargetAttributes = {
					4CA3B6BA2372981000569B57 = {
						CreatedOnToolsVersion = 10.1;
					};
					4CE85D6923C8B8FA00B54EA7 = {
						CreatedOnToolsVersion = 10.1;
						TestTargetID = 4CA3B6BA2372981000569B57;
					};
				};
			};
			buildConfigurationList = 4CA3B6B62372981000569B57 /* Build configuration list for PBXProject "CodableDemo" */;
			compatibilityVersion = "Xcode 9.3";
			developmentRegion = en;
			hasScannedForEncodings = 0;
			knownRegions = (
				en,
				Base,
			);
			mainGroup = 4CA3B6B22372981000569B57;
			productRefGroup = 4CA3B6BC2372981000569B57 /* Products */;
			projectDirPath = "";
			projectRoot = "";
			targets = (
				4CA3B6BA2372981000569B57 /* CodableDemo */,
				4CE85D6923C8B8FA00B54EA7 /* CodableDemoTests */,
			);
		};
/* End PBXProject section */

/* Begin PBXResourcesBuildPhase section */
		4CA3B6B92372981000569B57 /* Resources */ = {
			isa = PBXResourcesBuildPhase;
			buildActionMask = 2147483647;
			files = (
				4CA3B6C92372982200569B57 /* LaunchScreen.storyboard in Resources */,
				4CA3B6C62372982200569B57 /* Assets.xcassets in Resources */,
				4CA3B6C42372981000569B57 /* Main.storyboard in Resources */,
				4CE85D5623C87D9700B54EA7 /* MovieCell.xib in Resources */,
			);
			runOnlyForDeploymentPostprocessing = 0;
		};
		4CE85D6823C8B8FA00B54EA7 /* Resources */ = {
			isa = PBXResourcesBuildPhase;
			buildActionMask = 2147483647;
			files = (
			);
			runOnlyForDeploymentPostprocessing = 0;
		};
/* End PBXResourcesBuildPhase section */

/* Begin PBXSourcesBuildPhase section */
		4CA3B6B72372981000569B57 /* Sources */ = {
			isa = PBXSourcesBuildPhase;
			buildActionMask = 2147483647;
			files = (
				4CE85D6023C8875F00B54EA7 /* ImageCache.swift in Sources */,
				4CA3B6DB23729A6E00569B57 /* Translations.swift in Sources */,
				4CE85D5523C87D9700B54EA7 /* MovieCell.swift in Sources */,
				4CE85D5B23C882A700B54EA7 /* APIClient.swift in Sources */,
				4CE85D6423C88D5A00B54EA7 /* MovieDetailViewController.swift in Sources */,
				4CA3B6DA23729A6E00569B57 /* MovieBaseModel.swift in Sources */,
				4CA3B6C12372981000569B57 /* MovieViewController.swift in Sources */,
				4CE85D5823C8810500B54EA7 /* MovieViewModel.swift in Sources */,
				4CA3B6DD23729C9800569B57 /* MovieViewController+UI.swift in Sources */,
				4CE85D5D23C883A700B54EA7 /* MovieProxy.swift in Sources */,
				4CA3B6BF2372981000569B57 /* AppDelegate.swift in Sources */,
				4CA3B6D12372992500569B57 /* MovieViewController+UITableView.swift in Sources */,
			);
			runOnlyForDeploymentPostprocessing = 0;
		};
		4CE85D6623C8B8FA00B54EA7 /* Sources */ = {
			isa = PBXSourcesBuildPhase;
			buildActionMask = 2147483647;
			files = (
				4CE85D7523C8B92600B54EA7 /* APITests.swift in Sources */,
				4CE85D6D23C8B8FB00B54EA7 /* CodableDemoTests.swift in Sources */,
			);
			runOnlyForDeploymentPostprocessing = 0;
		};
/* End PBXSourcesBuildPhase section */

/* Begin PBXTargetDependency section */
		4CE85D7023C8B8FB00B54EA7 /* PBXTargetDependency */ = {
			isa = PBXTargetDependency;
			target = 4CA3B6BA2372981000569B57 /* CodableDemo */;
			targetProxy = 4CE85D6F23C8B8FB00B54EA7 /* PBXContainerItemProxy */;
		};
/* End PBXTargetDependency section */

/* Begin PBXVariantGroup section */
		4CA3B6C22372981000569B57 /* Main.storyboard */ = {
			isa = PBXVariantGroup;
			children = (
				4CA3B6C32372981000569B57 /* Base */,
			);
			name = Main.storyboard;
			sourceTree = "<group>";
		};
		4CA3B6C72372982200569B57 /* LaunchScreen.storyboard */ = {
			isa = PBXVariantGroup;
			children = (
				4CA3B6C82372982200569B57 /* Base */,
			);
			name = LaunchScreen.storyboard;
			sourceTree = "<group>";
		};
/* End PBXVariantGroup section */

/* Begin XCBuildConfiguration section */
		4CA3B6CB2372982200569B57 /* Debug */ = {
			isa = XCBuildConfiguration;
			buildSettings = {
				ALWAYS_SEARCH_USER_PATHS = NO;
				CLANG_ANALYZER_NONNULL = YES;
				CLANG_ANALYZER_NUMBER_OBJECT_CONVERSION = YES_AGGRESSIVE;
				CLANG_CXX_LANGUAGE_STANDARD = "gnu++14";
				CLANG_CXX_LIBRARY = "libc++";
				CLANG_ENABLE_MODULES = YES;
				CLANG_ENABLE_OBJC_ARC = YES;
				CLANG_ENABLE_OBJC_WEAK = YES;
				CLANG_WARN_BLOCK_CAPTURE_AUTORELEASING = YES;
				CLANG_WARN_BOOL_CONVERSION = YES;
				CLANG_WARN_COMMA = YES;
				CLANG_WARN_CONSTANT_CONVERSION = YES;
				CLANG_WARN_DEPRECATED_OBJC_IMPLEMENTATIONS = YES;
				CLANG_WARN_DIRECT_OBJC_ISA_USAGE = YES_ERROR;
				CLANG_WARN_DOCUMENTATION_COMMENTS = YES;
				CLANG_WARN_EMPTY_BODY = YES;
				CLANG_WARN_ENUM_CONVERSION = YES;
				CLANG_WARN_INFINITE_RECURSION = YES;
				CLANG_WARN_INT_CONVERSION = YES;
				CLANG_WARN_NON_LITERAL_NULL_CONVERSION = YES;
				CLANG_WARN_OBJC_IMPLICIT_RETAIN_SELF = YES;
				CLANG_WARN_OBJC_LITERAL_CONVERSION = YES;
				CLANG_WARN_OBJC_ROOT_CLASS = YES_ERROR;
				CLANG_WARN_RANGE_LOOP_ANALYSIS = YES;
				CLANG_WARN_STRICT_PROTOTYPES = YES;
				CLANG_WARN_SUSPICIOUS_MOVE = YES;
				CLANG_WARN_UNGUARDED_AVAILABILITY = YES_AGGRESSIVE;
				CLANG_WARN_UNREACHABLE_CODE = YES;
				CLANG_WARN__DUPLICATE_METHOD_MATCH = YES;
				CODE_SIGN_IDENTITY = "iPhone Developer";
				COPY_PHASE_STRIP = NO;
				DEBUG_INFORMATION_FORMAT = dwarf;
				ENABLE_STRICT_OBJC_MSGSEND = YES;
				ENABLE_TESTABILITY = YES;
				GCC_C_LANGUAGE_STANDARD = gnu11;
				GCC_DYNAMIC_NO_PIC = NO;
				GCC_NO_COMMON_BLOCKS = YES;
				GCC_OPTIMIZATION_LEVEL = 0;
				GCC_PREPROCESSOR_DEFINITIONS = (
					"DEBUG=1",
					"$(inherited)",
				);
				GCC_WARN_64_TO_32_BIT_CONVERSION = YES;
				GCC_WARN_ABOUT_RETURN_TYPE = YES_ERROR;
				GCC_WARN_UNDECLARED_SELECTOR = YES;
				GCC_WARN_UNINITIALIZED_AUTOS = YES_AGGRESSIVE;
				GCC_WARN_UNUSED_FUNCTION = YES;
				GCC_WARN_UNUSED_VARIABLE = YES;
				IPHONEOS_DEPLOYMENT_TARGET = 12.1;
				MTL_ENABLE_DEBUG_INFO = INCLUDE_SOURCE;
				MTL_FAST_MATH = YES;
				ONLY_ACTIVE_ARCH = YES;
				SDKROOT = iphoneos;
				SWIFT_ACTIVE_COMPILATION_CONDITIONS = DEBUG;
				SWIFT_OPTIMIZATION_LEVEL = "-Onone";
			};
			name = Debug;
		};
		4CA3B6CC2372982200569B57 /* Release */ = {
			isa = XCBuildConfiguration;
			buildSettings = {
				ALWAYS_SEARCH_USER_PATHS = NO;
				CLANG_ANALYZER_NONNULL = YES;
				CLANG_ANALYZER_NUMBER_OBJECT_CONVERSION = YES_AGGRESSIVE;
				CLANG_CXX_LANGUAGE_STANDARD = "gnu++14";
				CLANG_CXX_LIBRARY = "libc++";
				CLANG_ENABLE_MODULES = YES;
				CLANG_ENABLE_OBJC_ARC = YES;
				CLANG_ENABLE_OBJC_WEAK = YES;
				CLANG_WARN_BLOCK_CAPTURE_AUTORELEASING = YES;
				CLANG_WARN_BOOL_CONVERSION = YES;
				CLANG_WARN_COMMA = YES;
				CLANG_WARN_CONSTANT_CONVERSION = YES;
				CLANG_WARN_DEPRECATED_OBJC_IMPLEMENTATIONS = YES;
				CLANG_WARN_DIRECT_OBJC_ISA_USAGE = YES_ERROR;
				CLANG_WARN_DOCUMENTATION_COMMENTS = YES;
				CLANG_WARN_EMPTY_BODY = YES;
				CLANG_WARN_ENUM_CONVERSION = YES;
				CLANG_WARN_INFINITE_RECURSION = YES;
				CLANG_WARN_INT_CONVERSION = YES;
				CLANG_WARN_NON_LITERAL_NULL_CONVERSION = YES;
				CLANG_WARN_OBJC_IMPLICIT_RETAIN_SELF = YES;
				CLANG_WARN_OBJC_LITERAL_CONVERSION = YES;
				CLANG_WARN_OBJC_ROOT_CLASS = YES_ERROR;
				CLANG_WARN_RANGE_LOOP_ANALYSIS = YES;
				CLANG_WARN_STRICT_PROTOTYPES = YES;
				CLANG_WARN_SUSPICIOUS_MOVE = YES;
				CLANG_WARN_UNGUARDED_AVAILABILITY = YES_AGGRESSIVE;
				CLANG_WARN_UNREACHABLE_CODE = YES;
				CLANG_WARN__DUPLICATE_METHOD_MATCH = YES;
				CODE_SIGN_IDENTITY = "iPhone Developer";
				COPY_PHASE_STRIP = NO;
				DEBUG_INFORMATION_FORMAT = "dwarf-with-dsym";
				ENABLE_NS_ASSERTIONS = NO;
				ENABLE_STRICT_OBJC_MSGSEND = YES;
				GCC_C_LANGUAGE_STANDARD = gnu11;
				GCC_NO_COMMON_BLOCKS = YES;
				GCC_WARN_64_TO_32_BIT_CONVERSION = YES;
				GCC_WARN_ABOUT_RETURN_TYPE = YES_ERROR;
				GCC_WARN_UNDECLARED_SELECTOR = YES;
				GCC_WARN_UNINITIALIZED_AUTOS = YES_AGGRESSIVE;
				GCC_WARN_UNUSED_FUNCTION = YES;
				GCC_WARN_UNUSED_VARIABLE = YES;
				IPHONEOS_DEPLOYMENT_TARGET = 12.1;
				MTL_ENABLE_DEBUG_INFO = NO;
				MTL_FAST_MATH = YES;
				SDKROOT = iphoneos;
				SWIFT_COMPILATION_MODE = wholemodule;
				SWIFT_OPTIMIZATION_LEVEL = "-O";
				VALIDATE_PRODUCT = YES;
			};
			name = Release;
		};
		4CA3B6CE2372982200569B57 /* Debug */ = {
			isa = XCBuildConfiguration;
			buildSettings = {
				ASSETCATALOG_COMPILER_APPICON_NAME = AppIcon;
				CODE_SIGN_STYLE = Automatic;
				DEVELOPMENT_TEAM = GA4BAP9K3F;
				INFOPLIST_FILE = CodableDemo/Info.plist;
				LD_RUNPATH_SEARCH_PATHS = (
					"$(inherited)",
					"@executable_path/Frameworks",
				);
				PRODUCT_BUNDLE_IDENTIFIER = www.www.demo;
				PRODUCT_NAME = "$(TARGET_NAME)";
				SWIFT_VERSION = 4.2;
				TARGETED_DEVICE_FAMILY = "1,2";
			};
			name = Debug;
		};
		4CA3B6CF2372982200569B57 /* Release */ = {
			isa = XCBuildConfiguration;
			buildSettings = {
				ASSETCATALOG_COMPILER_APPICON_NAME = AppIcon;
				CODE_SIGN_STYLE = Automatic;
				DEVELOPMENT_TEAM = GA4BAP9K3F;
				INFOPLIST_FILE = CodableDemo/Info.plist;
				LD_RUNPATH_SEARCH_PATHS = (
					"$(inherited)",
					"@executable_path/Frameworks",
				);
				PRODUCT_BUNDLE_IDENTIFIER = www.www.demo;
				PRODUCT_NAME = "$(TARGET_NAME)";
				SWIFT_VERSION = 4.2;
				TARGETED_DEVICE_FAMILY = "1,2";
			};
			name = Release;
		};
		4CE85D7223C8B8FB00B54EA7 /* Debug */ = {
			isa = XCBuildConfiguration;
			buildSettings = {
				BUNDLE_LOADER = "$(TEST_HOST)";
				CODE_SIGN_STYLE = Automatic;
				DEVELOPMENT_TEAM = GA4BAP9K3F;
				INFOPLIST_FILE = CodableDemoTests/Info.plist;
				LD_RUNPATH_SEARCH_PATHS = (
					"$(inherited)",
					"@executable_path/Frameworks",
					"@loader_path/Frameworks",
				);
				PRODUCT_BUNDLE_IDENTIFIER = www.www.demo.CodableDemoTests;
				PRODUCT_NAME = "$(TARGET_NAME)";
				SWIFT_VERSION = 4.2;
				TARGETED_DEVICE_FAMILY = "1,2";
				TEST_HOST = "$(BUILT_PRODUCTS_DIR)/CodableDemo.app/CodableDemo";
			};
			name = Debug;
		};
		4CE85D7323C8B8FB00B54EA7 /* Release */ = {
			isa = XCBuildConfiguration;
			buildSettings = {
				BUNDLE_LOADER = "$(TEST_HOST)";
				CODE_SIGN_STYLE = Automatic;
				DEVELOPMENT_TEAM = GA4BAP9K3F;
				INFOPLIST_FILE = CodableDemoTests/Info.plist;
				LD_RUNPATH_SEARCH_PATHS = (
					"$(inherited)",
					"@executable_path/Frameworks",
					"@loader_path/Frameworks",
				);
				PRODUCT_BUNDLE_IDENTIFIER = www.www.demo.CodableDemoTests;
				PRODUCT_NAME = "$(TARGET_NAME)";
				SWIFT_VERSION = 4.2;
				TARGETED_DEVICE_FAMILY = "1,2";
				TEST_HOST = "$(BUILT_PRODUCTS_DIR)/CodableDemo.app/CodableDemo";
			};
			name = Release;
		};
/* End XCBuildConfiguration section */

/* Begin XCConfigurationList section */
		4CA3B6B62372981000569B57 /* Build configuration list for PBXProject "CodableDemo" */ = {
			isa = XCConfigurationList;
			buildConfigurations = (
				4CA3B6CB2372982200569B57 /* Debug */,
				4CA3B6CC2372982200569B57 /* Release */,
			);
			defaultConfigurationIsVisible = 0;
			defaultConfigurationName = Release;
		};
		4CA3B6CD2372982200569B57 /* Build configuration list for PBXNativeTarget "CodableDemo" */ = {
			isa = XCConfigurationList;
			buildConfigurations = (
				4CA3B6CE2372982200569B57 /* Debug */,
				4CA3B6CF2372982200569B57 /* Release */,
			);
			defaultConfigurationIsVisible = 0;
			defaultConfigurationName = Release;
		};
		4CE85D7123C8B8FB00B54EA7 /* Build configuration list for PBXNativeTarget "CodableDemoTests" */ = {
			isa = XCConfigurationList;
			buildConfigurations = (
				4CE85D7223C8B8FB00B54EA7 /* Debug */,
				4CE85D7323C8B8FB00B54EA7 /* Release */,
			);
			defaultConfigurationIsVisible = 0;
			defaultConfigurationName = Release;
		};
/* End XCConfigurationList section */
	};
	rootObject = 4CA3B6B32372981000569B57 /* Project object */;
}
